// !$*UTF8*$!
{
  archiveVersion = 1;
  classes = {
  };
  objectVersion = 56;
  objects = {

/* Begin PBXBuildFile section */
    A10000000000000000000001 /* AIDotsVibrationTestApp.swift in Sources */ = {isa = PBXBuildFile; fileRef = B10000000000000000000001 /* AIDotsVibrationTestApp.swift */; };
/* End PBXBuildFile section */

/* Begin PBXFileReference section */
    B10000000000000000000001 /* AIDotsVibrationTestApp.swift */ = {isa = PBXFileReference; lastKnownFileType = sourcecode.swift; path = AIDotsVibrationTestApp.swift; sourceTree = "<group>"; };
    B10000000000000000000002 /* AIDotsVibrationTest.app */ = {isa = PBXFileReference; explicitFileType = wrapper.application; includeInIndex = 0; path = AIDotsVibrationTest.app; sourceTree = BUILT_PRODUCTS_DIR; };
/* End PBXFileReference section */

/* Begin PBXFrameworksBuildPhase section */
    C10000000000000000000001 /* Frameworks */ = {isa = PBXFrameworksBuildPhase; buildActionMask = 2147483647; files = (); runOnlyForDeploymentPostprocessing = 0; };
/* End PBXFrameworksBuildPhase section */

/* Begin PBXGroup section */
    D10000000000000000000001 = {
      isa = PBXGroup;
      children = (
        D10000000000000000000002 /* Sources */,
        D10000000000000000000003 /* Products */,
      );
      sourceTree = "<group>";
    };
    D10000000000000000000002 /* Sources */ = {
      isa = PBXGroup;
      children = (B10000000000000000000001 /* AIDotsVibrationTestApp.swift */,);
      path = Sources;
      sourceTree = "<group>";
    };
    D10000000000000000000003 /* Products */ = {
      isa = PBXGroup;
      children = (B10000000000000000000002 /* AIDotsVibrationTest.app */,);
      name = Products;
      sourceTree = "<group>";
    };
/* End PBXGroup section */

/* Begin PBXNativeTarget section */
    E10000000000000000000001 /* AIDotsVibrationTest */ = {
      isa = PBXNativeTarget;
      buildConfigurationList = F10000000000000000000002 /* Build configuration list for PBXNativeTarget */;
      buildPhases = (C10000000000000000000001 /* Frameworks */, G10000000000000000000001 /* Sources */);
      buildRules = ();
      dependencies = ();
      name = AIDotsVibrationTest;
      productName = AIDotsVibrationTest;
      productReference = B10000000000000000000002 /* AIDotsVibrationTest.app */;
      productType = "com.apple.product-type.application";
    };
/* End PBXNativeTarget section */

/* Begin PBXProject section */
    E10000000000000000000001 /* Project object */ = {
      isa = PBXProject;
      attributes = {
        BuildIndependentTargetsInParallel = 1;
        LastUpgradeCheck = 1600;
        TargetAttributes = {
          E10000000000000000000001 = { CreatedOnToolsVersion = 16.0; };
        };
      };
      buildConfigurationList = F10000000000000000000001 /* Build configuration list for PBXProject */;
      compatibilityVersion = "Xcode 14.0";
      developmentRegion = en;
      hasScannedForEncodings = 0;
      knownRegions = (en, Base,);
      mainGroup = D10000000000000000000001;
      productRefGroup = D10000000000000000000003 /* Products */;
      projectDirPath = "";
      projectRoot = "";
      targets = (E10000000000000000000001 /* AIDotsVibrationTest */,);
    };
/* End PBXProject section */

/* Begin PBXSourcesBuildPhase section */
    G10000000000000000000001 /* Sources */ = {
      isa = PBXSourcesBuildPhase;
      buildActionMask = 2147483647;
      files = (A10000000000000000000001 /* AIDotsVibrationTestApp.swift in Sources */,);
      runOnlyForDeploymentPostprocessing = 0;
    };
/* End PBXSourcesBuildPhase section */

/* Begin XCBuildConfiguration section */
    H10000000000000000000001 /* Debug project */ = {isa = XCBuildConfiguration; buildSettings = {ALWAYS_SEARCH_USER_PATHS = NO; CLANG_ENABLE_MODULES = YES; IPHONEOS_DEPLOYMENT_TARGET = 16.0; SDKROOT = iphoneos; SWIFT_VERSION = 5.0; }; name = Debug; };
    H10000000000000000000002 /* Release project */ = {isa = XCBuildConfiguration; buildSettings = {ALWAYS_SEARCH_USER_PATHS = NO; CLANG_ENABLE_MODULES = YES; IPHONEOS_DEPLOYMENT_TARGET = 16.0; SDKROOT = iphoneos; SWIFT_VERSION = 5.0; }; name = Release; };
    H10000000000000000000003 /* Debug target */ = {isa = XCBuildConfiguration; buildSettings = {CODE_SIGN_STYLE = Automatic; GENERATE_INFOPLIST_FILE = YES; INFOPLIST_KEY_CFBundleDisplayName = "AI Dots Test"; INFOPLIST_KEY_UILaunchScreen_Generation = YES; IPHONEOS_DEPLOYMENT_TARGET = 16.0; PRODUCT_BUNDLE_IDENTIFIER = com.bellamiecreative.aidotstest; PRODUCT_NAME = "$(TARGET_NAME)"; SWIFT_VERSION = 5.0; TARGETED_DEVICE_FAMILY = "1"; }; name = Debug; };
    H10000000000000000000004 /* Release target */ = {isa = XCBuildConfiguration; buildSettings = {CODE_SIGN_STYLE = Automatic; GENERATE_INFOPLIST_FILE = YES; INFOPLIST_KEY_CFBundleDisplayName = "AI Dots Test"; INFOPLIST_KEY_UILaunchScreen_Generation = YES; IPHONEOS_DEPLOYMENT_TARGET = 16.0; PRODUCT_BUNDLE_IDENTIFIER = com.bellamiecreative.aidotstest; PRODUCT_NAME = "$(TARGET_NAME)"; SWIFT_VERSION = 5.0; TARGETED_DEVICE_FAMILY = "1"; }; name = Release; };
/* End XCBuildConfiguration section */

/* Begin XCConfigurationList section */
    F10000000000000000000001 /* Build configuration list for PBXProject */ = {isa = XCConfigurationList; buildConfigurations = (H10000000000000000000001 /* Debug project */, H10000000000000000000002 /* Release project */,); defaultConfigurationIsVisible = 0; defaultConfigurationName = Release; };
    F10000000000000000000002 /* Build configuration list for PBXNativeTarget */ = {isa = XCConfigurationList; buildConfigurations = (H10000000000000000000003 /* Debug target */, H10000000000000000000004 /* Release target */,); defaultConfigurationIsVisible = 0; defaultConfigurationName = Release; };
/* End XCConfigurationList section */
  };
  rootObject = E10000000000000000000001 /* Project object */;
}
